{
  "name": "codex-ground-control",
  "version": "0.1.0",
  "lockfileVersion": 3,
  "requires": true,
  "packages": {
    "": {
      "name": "codex-ground-control",
      "version": "0.1.0",
      "license": "MIT",
      "bin": {
        "codex-ground-control": "bin/codex-ground-control.js"
      },
      "engines": {
        "node": ">=22"
      }
    }
  }
}
